// !$*UTF8*$!
{
	archiveVersion = 1;
	classes = {
	};
	objectVersion = 55;
	objects = {

/* Begin PBXBuildFile section */
		5501135328A345560037591D /* OnBoardingScreenVeiwModel.swift in Sources */ = {isa = PBXBuildFile; fileRef = 5501135228A345560037591D /* OnBoardingScreenVeiwModel.swift */; };
		5501F73B2A30DF010076197E /* MapUIKitView.swift in Sources */ = {isa = PBXBuildFile; fileRef = 5501F73A2A30DF010076197E /* MapUIKitView.swift */; };
		5501F73D2A30E0580076197E /* MapViewUIKit.swift in Sources */ = {isa = PBXBuildFile; fileRef = 5501F73C2A30E0580076197E /* MapViewUIKit.swift */; };
		5501F73F2A30E1710076197E /* MapUiKitViewModel.swift in Sources */ = {isa = PBXBuildFile; fileRef = 5501F73E2A30E1710076197E /* MapUiKitViewModel.swift */; };
		5501F7412A30FB110076197E /* LocandGlobView.swift in Sources */ = {isa = PBXBuildFile; fileRef = 5501F7402A30FB110076197E /* LocandGlobView.swift */; };
		55020541283606FA004A2A69 /* MoreInfoView.swift in Sources */ = {isa = PBXBuildFile; fileRef = 55020540283606FA004A2A69 /* MoreInfoView.swift */; };
		55036B192853F12B000DEBB9 /* OrderedCollections in Frameworks */ = {isa = PBXBuildFile; productRef = 55036B182853F12B000DEBB9 /* OrderedCollections */; };
		551555C128B83DE6004F169F /* ButtonTurView.swift in Sources */ = {isa = PBXBuildFile; fileRef = 551555C028B83DE6004F169F /* ButtonTurView.swift */; };
		552A558328468A150057E81F /* PhotoPickerUIKitView.swift in Sources */ = {isa = PBXBuildFile; fileRef = 552A558228468A150057E81F /* PhotoPickerUIKitView.swift */; };
		552E117928F076CA002DC58D /* YelpDetailedBusModel.swift in Sources */ = {isa = PBXBuildFile; fileRef = 552E117828F076CA002DC58D /* YelpDetailedBusModel.swift */; };
		552E117B28F0F1A7002DC58D /* YelpMatchBusModel.swift in Sources */ = {isa = PBXBuildFile; fileRef = 552E117A28F0F1A7002DC58D /* YelpMatchBusModel.swift */; };
		552F27E32834BC27001634D8 /* MapUIView.swift in Sources */ = {isa = PBXBuildFile; fileRef = 552F27E22834BC26001634D8 /* MapUIView.swift */; };
		5537756028EFCDCC00293CC3 /* YelpSearchDataModel.swift in Sources */ = {isa = PBXBuildFile; fileRef = 5537755F28EFCDCC00293CC3 /* YelpSearchDataModel.swift */; };
		5537756228EFCE1C00293CC3 /* YelpAPIService.swift in Sources */ = {isa = PBXBuildFile; fileRef = 5537756128EFCE1C00293CC3 /* YelpAPIService.swift */; };
		55377B1E28942E3700517FA6 /* LocationService.swift in Sources */ = {isa = PBXBuildFile; fileRef = 55377B1D28942E3700517FA6 /* LocationService.swift */; };
		55377B2028942EB800517FA6 /* AlertModel.swift in Sources */ = {isa = PBXBuildFile; fileRef = 55377B1F28942EB800517FA6 /* AlertModel.swift */; };
		553BE4C22A3231F700E2981E /* ProtoHomeViewModel.swift in Sources */ = {isa = PBXBuildFile; fileRef = 553BE4C12A3231F700E2981E /* ProtoHomeViewModel.swift */; };
		5540D926285BAACF0072AEAF /* FileManagerModel.swift in Sources */ = {isa = PBXBuildFile; fileRef = 5540D925285BAACF0072AEAF /* FileManagerModel.swift */; };
		5540D928285BAC800072AEAF /* DataProvider.swift in Sources */ = {isa = PBXBuildFile; fileRef = 5540D927285BAC800072AEAF /* DataProvider.swift */; };
		555167EE2857BF47004E4D78 /* NewOnboardingScreen.swift in Sources */ = {isa = PBXBuildFile; fileRef = 555167ED2857BF47004E4D78 /* NewOnboardingScreen.swift */; };
		555167F02857D9F6004E4D78 /* OnBoardingStep.swift in Sources */ = {isa = PBXBuildFile; fileRef = 555167EF2857D9F6004E4D78 /* OnBoardingStep.swift */; };
		55524F0C28DF6D66007DCE91 /* HomeHeaderComp.swift in Sources */ = {isa = PBXBuildFile; fileRef = 55524F0B28DF6D66007DCE91 /* HomeHeaderComp.swift */; };
		55524F0E28DFDE7E007DCE91 /* InterestListComp.swift in Sources */ = {isa = PBXBuildFile; fileRef = 55524F0D28DFDE7E007DCE91 /* InterestListComp.swift */; };
		55539DBD28D96CED006F6490 /* ProtoHomeView.swift in Sources */ = {isa = PBXBuildFile; fileRef = 55539DBC28D96CED006F6490 /* ProtoHomeView.swift */; };
		55539DBF28D96F1E006F6490 /* LocationAndGlobeButtonComp.swift in Sources */ = {isa = PBXBuildFile; fileRef = 55539DBE28D96F1E006F6490 /* LocationAndGlobeButtonComp.swift */; };
		55539DC128D970F5006F6490 /* ProtoMoreInfoView.swift in Sources */ = {isa = PBXBuildFile; fileRef = 55539DC028D970F5006F6490 /* ProtoMoreInfoView.swift */; };
		55539DC528DAA6AC006F6490 /* BubblesComp.swift in Sources */ = {isa = PBXBuildFile; fileRef = 55539DC428DAA6AC006F6490 /* BubblesComp.swift */; };
		55539DC728DAAA2B006F6490 /* BubbleResultView.swift in Sources */ = {isa = PBXBuildFile; fileRef = 55539DC628DAAA2B006F6490 /* BubbleResultView.swift */; };
		555D3F2328D438A600983332 /* AppInterestContainer.xcdatamodeld in Sources */ = {isa = PBXBuildFile; fileRef = 555D3F2128D438A600983332 /* AppInterestContainer.xcdatamodeld */; };
		555D3F2528D4390F00983332 /* CoreDataService.swift in Sources */ = {isa = PBXBuildFile; fileRef = 555D3F2428D4390F00983332 /* CoreDataService.swift */; };
		555D3F2728D446A900983332 /* ResultPageViewModel.swift in Sources */ = {isa = PBXBuildFile; fileRef = 555D3F2628D446A900983332 /* ResultPageViewModel.swift */; };
		555D3F2928D44A1100983332 /* ProtoResultView.swift in Sources */ = {isa = PBXBuildFile; fileRef = 555D3F2828D44A1100983332 /* ProtoResultView.swift */; };
		5560C56F283FCD8F0045CA37 /* InterestListView.swift in Sources */ = {isa = PBXBuildFile; fileRef = 5560C56E283FCD8F0045CA37 /* InterestListView.swift */; };
		556C6AA628AF19E300AF1CCA /* SavedPhotoComp.swift in Sources */ = {isa = PBXBuildFile; fileRef = 556C6AA528AF19E300AF1CCA /* SavedPhotoComp.swift */; };
		5587331528F20E5900F0D5C1 /* InterestImagesView.swift in Sources */ = {isa = PBXBuildFile; fileRef = 5587331428F20E5900F0D5C1 /* InterestImagesView.swift */; };
		5587331728F2102800F0D5C1 /* DownloadingImageView.swift in Sources */ = {isa = PBXBuildFile; fileRef = 5587331628F2102800F0D5C1 /* DownloadingImageView.swift */; };
		5587331928F2155F00F0D5C1 /* DowloadingImageViewModel.swift in Sources */ = {isa = PBXBuildFile; fileRef = 5587331828F2155F00F0D5C1 /* DowloadingImageViewModel.swift */; };
		5587331D28F238AE00F0D5C1 /* YelpPhotosCacheService.swift in Sources */ = {isa = PBXBuildFile; fileRef = 5587331C28F238AE00F0D5C1 /* YelpPhotosCacheService.swift */; };
		5587331F28F2416900F0D5C1 /* NoInterstImageView.swift in Sources */ = {isa = PBXBuildFile; fileRef = 5587331E28F2416900F0D5C1 /* NoInterstImageView.swift */; };
		55A7CA6028E6BD1D00A50796 /* MoreInfoComp.swift in Sources */ = {isa = PBXBuildFile; fileRef = 55A7CA5F28E6BD1D00A50796 /* MoreInfoComp.swift */; };
		55AF2FA32835418F0040D030 /* LocationMapAnnotationView.swift in Sources */ = {isa = PBXBuildFile; fileRef = 55AF2FA22835418F0040D030 /* LocationMapAnnotationView.swift */; };
		55BC5B16286948D9000D0F28 /* Extensions.swift in Sources */ = {isa = PBXBuildFile; fileRef = 55BC5B15286948D9000D0F28 /* Extensions.swift */; };
		55CA7CC2283202C9008B5C2C /* Expose2App.swift in Sources */ = {isa = PBXBuildFile; fileRef = 55CA7CC1283202C9008B5C2C /* Expose2App.swift */; };
		55CA7CC4283202C9008B5C2C /* ContentView.swift in Sources */ = {isa = PBXBuildFile; fileRef = 55CA7CC3283202C9008B5C2C /* ContentView.swift */; };
		55CA7CC6283202CD008B5C2C /* Assets.xcassets in Resources */ = {isa = PBXBuildFile; fileRef = 55CA7CC5283202CD008B5C2C /* Assets.xcassets */; };
		55CA7CC9283202CD008B5C2C /* Preview Assets.xcassets in Resources */ = {isa = PBXBuildFile; fileRef = 55CA7CC8283202CD008B5C2C /* Preview Assets.xcassets */; };
		55CA7CD4283203F7008B5C2C /* MapView.swift in Sources */ = {isa = PBXBuildFile; fileRef = 55CA7CD3283203F7008B5C2C /* MapView.swift */; };
		55CA7CD6283204AB008B5C2C /* MapViewModel.swift in Sources */ = {isa = PBXBuildFile; fileRef = 55CA7CD5283204AB008B5C2C /* MapViewModel.swift */; };
		55CA7CD92832DFB0008B5C2C /* Place.swift in Sources */ = {isa = PBXBuildFile; fileRef = 55CA7CD82832DFB0008B5C2C /* Place.swift */; };
		55DCFA2428D588BA001BC4CB /* ProtoPhotoSelectorView.swift in Sources */ = {isa = PBXBuildFile; fileRef = 55DCFA2328D588BA001BC4CB /* ProtoPhotoSelectorView.swift */; };
		55E0EE7C28377D2B00CDB250 /* NewQuickFile.swift in Sources */ = {isa = PBXBuildFile; fileRef = 55E0EE7B28377D2B00CDB250 /* NewQuickFile.swift */; };
		55E10DCB28D61EAB009A0573 /* NewPhotoComp.swift in Sources */ = {isa = PBXBuildFile; fileRef = 55E10DCA28D61EAB009A0573 /* NewPhotoComp.swift */; };
		55E10DCD28D62128009A0573 /* AddPhotoView.swift in Sources */ = {isa = PBXBuildFile; fileRef = 55E10DCC28D62128009A0573 /* AddPhotoView.swift */; };
		55E1F1CB28E116C800506F94 /* SplashScreen.swift in Sources */ = {isa = PBXBuildFile; fileRef = 55E1F1CA28E116C800506F94 /* SplashScreen.swift */; };
		55F69B462893ADD200A909B5 /* PhotoPickerViewModel.swift in Sources */ = {isa = PBXBuildFile; fileRef = 55F69B452893ADD200A909B5 /* PhotoPickerViewModel.swift */; };
		55F69B482893B68C00A909B5 /* ImageClassificationService.swift in Sources */ = {isa = PBXBuildFile; fileRef = 55F69B472893B68C00A909B5 /* ImageClassificationService.swift */; };
		8A5C89E8283F15990036CBE8 /* UIImage+Extension.swift in Sources */ = {isa = PBXBuildFile; fileRef = 8A5C89E0283F15990036CBE8 /* UIImage+Extension.swift */; };
		8A5C89EB283F15990036CBE8 /* MobileNetV2.mlmodel in Sources */ = {isa = PBXBuildFile; fileRef = 8A5C89E4283F15990036CBE8 /* MobileNetV2.mlmodel */; };
		8A5C89ED283F15990036CBE8 /* MLContentView.swift in Sources */ = {isa = PBXBuildFile; fileRef = 8A5C89E6283F15990036CBE8 /* MLContentView.swift */; };
/* End PBXBuildFile section */

/* Begin PBXFileReference section */
		5501135228A345560037591D /* OnBoardingScreenVeiwModel.swift */ = {isa = PBXFileReference; lastKnownFileType = sourcecode.swift; path = OnBoardingScreenVeiwModel.swift; sourceTree = "<group>"; };
		5501F73A2A30DF010076197E /* MapUIKitView.swift */ = {isa = PBXFileReference; lastKnownFileType = sourcecode.swift; path = MapUIKitView.swift; sourceTree = "<group>"; };
		5501F73C2A30E0580076197E /* MapViewUIKit.swift */ = {isa = PBXFileReference; lastKnownFileType = sourcecode.swift; path = MapViewUIKit.swift; sourceTree = "<group>"; };
		5501F73E2A30E1710076197E /* MapUiKitViewModel.swift */ = {isa = PBXFileReference; lastKnownFileType = sourcecode.swift; path = MapUiKitViewModel.swift; sourceTree = "<group>"; };
		5501F7402A30FB110076197E /* LocandGlobView.swift */ = {isa = PBXFileReference; lastKnownFileType = sourcecode.swift; path = LocandGlobView.swift; sourceTree = "<group>"; };
		55020540283606FA004A2A69 /* MoreInfoView.swift */ = {isa = PBXFileReference; lastKnownFileType = sourcecode.swift; path = MoreInfoView.swift; sourceTree = "<group>"; };
		551555C028B83DE6004F169F /* ButtonTurView.swift */ = {isa = PBXFileReference; lastKnownFileType = sourcecode.swift; path = ButtonTurView.swift; sourceTree = "<group>"; };
		552A558228468A150057E81F /* PhotoPickerUIKitView.swift */ = {isa = PBXFileReference; lastKnownFileType = sourcecode.swift; path = PhotoPickerUIKitView.swift; sourceTree = "<group>"; };
		552E117828F076CA002DC58D /* YelpDetailedBusModel.swift */ = {isa = PBXFileReference; lastKnownFileType = sourcecode.swift; path = YelpDetailedBusModel.swift; sourceTree = "<group>"; };
		552E117A28F0F1A7002DC58D /* YelpMatchBusModel.swift */ = {isa = PBXFileReference; lastKnownFileType = sourcecode.swift; path = YelpMatchBusModel.swift; sourceTree = "<group>"; };
		552F27E22834BC26001634D8 /* MapUIView.swift */ = {isa = PBXFileReference; lastKnownFileType = sourcecode.swift; path = MapUIView.swift; sourceTree = "<group>"; };
		5537755F28EFCDCC00293CC3 /* YelpSearchDataModel.swift */ = {isa = PBXFileReference; lastKnownFileType = sourcecode.swift; path = YelpSearchDataModel.swift; sourceTree = "<group>"; };
		5537756128EFCE1C00293CC3 /* YelpAPIService.swift */ = {isa = PBXFileReference; lastKnownFileType = sourcecode.swift; path = YelpAPIService.swift; sourceTree = "<group>"; };
		55377B1D28942E3700517FA6 /* LocationService.swift */ = {isa = PBXFileReference; lastKnownFileType = sourcecode.swift; path = LocationService.swift; sourceTree = "<group>"; };
		55377B1F28942EB800517FA6 /* AlertModel.swift */ = {isa = PBXFileReference; lastKnownFileType = sourcecode.swift; path = AlertModel.swift; sourceTree = "<group>"; };
		553BE4C12A3231F700E2981E /* ProtoHomeViewModel.swift */ = {isa = PBXFileReference; lastKnownFileType = sourcecode.swift; path = ProtoHomeViewModel.swift; sourceTree = "<group>"; };
		5540D925285BAACF0072AEAF /* FileManagerModel.swift */ = {isa = PBXFileReference; lastKnownFileType = sourcecode.swift; path = FileManagerModel.swift; sourceTree = "<group>"; };
		5540D927285BAC800072AEAF /* DataProvider.swift */ = {isa = PBXFileReference; lastKnownFileType = sourcecode.swift; path = DataProvider.swift; sourceTree = "<group>"; };
		555167ED2857BF47004E4D78 /* NewOnboardingScreen.swift */ = {isa = PBXFileReference; lastKnownFileType = sourcecode.swift; path = NewOnboardingScreen.swift; sourceTree = "<group>"; };
		555167EF2857D9F6004E4D78 /* OnBoardingStep.swift */ = {isa = PBXFileReference; lastKnownFileType = sourcecode.swift; path = OnBoardingStep.swift; sourceTree = "<group>"; };
		55524F0B28DF6D66007DCE91 /* HomeHeaderComp.swift */ = {isa = PBXFileReference; lastKnownFileType = sourcecode.swift; path = HomeHeaderComp.swift; sourceTree = "<group>"; };
		55524F0D28DFDE7E007DCE91 /* InterestListComp.swift */ = {isa = PBXFileReference; lastKnownFileType = sourcecode.swift; path = InterestListComp.swift; sourceTree = "<group>"; };
		55539DBC28D96CED006F6490 /* ProtoHomeView.swift */ = {isa = PBXFileReference; lastKnownFileType = sourcecode.swift; path = ProtoHomeView.swift; sourceTree = "<group>"; };
		55539DBE28D96F1E006F6490 /* LocationAndGlobeButtonComp.swift */ = {isa = PBXFileReference; lastKnownFileType = sourcecode.swift; path = LocationAndGlobeButtonComp.swift; sourceTree = "<group>"; };
		55539DC028D970F5006F6490 /* ProtoMoreInfoView.swift */ = {isa = PBXFileReference; lastKnownFileType = sourcecode.swift; path = ProtoMoreInfoView.swift; sourceTree = "<group>"; };
		55539DC428DAA6AC006F6490 /* BubblesComp.swift */ = {isa = PBXFileReference; lastKnownFileType = sourcecode.swift; path = BubblesComp.swift; sourceTree = "<group>"; };
		55539DC628DAAA2B006F6490 /* BubbleResultView.swift */ = {isa = PBXFileReference; lastKnownFileType = sourcecode.swift; path = BubbleResultView.swift; sourceTree = "<group>"; };
		555D3F2228D438A600983332 /* AppInterest.xcdatamodel */ = {isa = PBXFileReference; lastKnownFileType = wrapper.xcdatamodel; path = AppInterest.xcdatamodel; sourceTree = "<group>"; };
		555D3F2428D4390F00983332 /* CoreDataService.swift */ = {isa = PBXFileReference; lastKnownFileType = sourcecode.swift; path = CoreDataService.swift; sourceTree = "<group>"; };
		555D3F2628D446A900983332 /* ResultPageViewModel.swift */ = {isa = PBXFileReference; lastKnownFileType = sourcecode.swift; path = ResultPageViewModel.swift; sourceTree = "<group>"; };
		555D3F2828D44A1100983332 /* ProtoResultView.swift */ = {isa = PBXFileReference; lastKnownFileType = sourcecode.swift; path = ProtoResultView.swift; sourceTree = "<group>"; };
		5560C56E283FCD8F0045CA37 /* InterestListView.swift */ = {isa = PBXFileReference; lastKnownFileType = sourcecode.swift; path = InterestListView.swift; sourceTree = "<group>"; };
		556C6AA528AF19E300AF1CCA /* SavedPhotoComp.swift */ = {isa = PBXFileReference; lastKnownFileType = sourcecode.swift; path = SavedPhotoComp.swift; sourceTree = "<group>"; };
		5587331428F20E5900F0D5C1 /* InterestImagesView.swift */ = {isa = PBXFileReference; lastKnownFileType = sourcecode.swift; path = InterestImagesView.swift; sourceTree = "<group>"; };
		5587331628F2102800F0D5C1 /* DownloadingImageView.swift */ = {isa = PBXFileReference; lastKnownFileType = sourcecode.swift; path = DownloadingImageView.swift; sourceTree = "<group>"; };
		5587331828F2155F00F0D5C1 /* DowloadingImageViewModel.swift */ = {isa = PBXFileReference; lastKnownFileType = sourcecode.swift; path = DowloadingImageViewModel.swift; sourceTree = "<group>"; };
		5587331C28F238AE00F0D5C1 /* YelpPhotosCacheService.swift */ = {isa = PBXFileReference; lastKnownFileType = sourcecode.swift; path = YelpPhotosCacheService.swift; sourceTree = "<group>"; };
		5587331E28F2416900F0D5C1 /* NoInterstImageView.swift */ = {isa = PBXFileReference; lastKnownFileType = sourcecode.swift; path = NoInterstImageView.swift; sourceTree = "<group>"; };
		55A7CA5F28E6BD1D00A50796 /* MoreInfoComp.swift */ = {isa = PBXFileReference; lastKnownFileType = sourcecode.swift; path = MoreInfoComp.swift; sourceTree = "<group>"; };
		55AF2FA22835418F0040D030 /* LocationMapAnnotationView.swift */ = {isa = PBXFileReference; lastKnownFileType = sourcecode.swift; path = LocationMapAnnotationView.swift; sourceTree = "<group>"; };
		55BC5B15286948D9000D0F28 /* Extensions.swift */ = {isa = PBXFileReference; lastKnownFileType = sourcecode.swift; path = Extensions.swift; sourceTree = "<group>"; };
		55CA7CBE283202C9008B5C2C /* Expose.app */ = {isa = PBXFileReference; explicitFileType = wrapper.application; includeInIndex = 0; path = Expose.app; sourceTree = BUILT_PRODUCTS_DIR; };
		55CA7CC1283202C9008B5C2C /* Expose2App.swift */ = {isa = PBXFileReference; lastKnownFileType = sourcecode.swift; path = Expose2App.swift; sourceTree = "<group>"; };
		55CA7CC3283202C9008B5C2C /* ContentView.swift */ = {isa = PBXFileReference; lastKnownFileType = sourcecode.swift; path = ContentView.swift; sourceTree = "<group>"; };
		55CA7CC5283202CD008B5C2C /* Assets.xcassets */ = {isa = PBXFileReference; lastKnownFileType = folder.assetcatalog; path = Assets.xcassets; sourceTree = "<group>"; };
		55CA7CC8283202CD008B5C2C /* Preview Assets.xcassets */ = {isa = PBXFileReference; lastKnownFileType = folder.assetcatalog; path = "Preview Assets.xcassets"; sourceTree = "<group>"; };
		55CA7CD3283203F7008B5C2C /* MapView.swift */ = {isa = PBXFileReference; lastKnownFileType = sourcecode.swift; path = MapView.swift; sourceTree = "<group>"; };
		55CA7CD5283204AB008B5C2C /* MapViewModel.swift */ = {isa = PBXFileReference; lastKnownFileType = sourcecode.swift; path = MapViewModel.swift; sourceTree = "<group>"; };
		55CA7CD82832DFB0008B5C2C /* Place.swift */ = {isa = PBXFileReference; lastKnownFileType = sourcecode.swift; path = Place.swift; sourceTree = "<group>"; };
		55DCFA2328D588BA001BC4CB /* ProtoPhotoSelectorView.swift */ = {isa = PBXFileReference; lastKnownFileType = sourcecode.swift; path = ProtoPhotoSelectorView.swift; sourceTree = "<group>"; };
		55E0EE7B28377D2B00CDB250 /* NewQuickFile.swift */ = {isa = PBXFileReference; lastKnownFileType = sourcecode.swift; path = NewQuickFile.swift; sourceTree = "<group>"; };
		55E10DCA28D61EAB009A0573 /* NewPhotoComp.swift */ = {isa = PBXFileReference; lastKnownFileType = sourcecode.swift; path = NewPhotoComp.swift; sourceTree = "<group>"; };
		55E10DCC28D62128009A0573 /* AddPhotoView.swift */ = {isa = PBXFileReference; lastKnownFileType = sourcecode.swift; path = AddPhotoView.swift; sourceTree = "<group>"; };
		55E1F1CA28E116C800506F94 /* SplashScreen.swift */ = {isa = PBXFileReference; lastKnownFileType = sourcecode.swift; path = SplashScreen.swift; sourceTree = "<group>"; };
		55E1F1CC28E1213B00506F94 /* Expose-Info.plist */ = {isa = PBXFileReference; lastKnownFileType = text.plist; path = "Expose-Info.plist"; sourceTree = "<group>"; };
		55F69B452893ADD200A909B5 /* PhotoPickerViewModel.swift */ = {isa = PBXFileReference; lastKnownFileType = sourcecode.swift; path = PhotoPickerViewModel.swift; sourceTree = "<group>"; };
		55F69B472893B68C00A909B5 /* ImageClassificationService.swift */ = {isa = PBXFileReference; lastKnownFileType = sourcecode.swift; path = ImageClassificationService.swift; sourceTree = "<group>"; };
		8A5C89E0283F15990036CBE8 /* UIImage+Extension.swift */ = {isa = PBXFileReference; fileEncoding = 4; lastKnownFileType = sourcecode.swift; path = "UIImage+Extension.swift"; sourceTree = "<group>"; };
		8A5C89E4283F15990036CBE8 /* MobileNetV2.mlmodel */ = {isa = PBXFileReference; lastKnownFileType = file.mlmodel; path = MobileNetV2.mlmodel; sourceTree = "<group>"; };
		8A5C89E6283F15990036CBE8 /* MLContentView.swift */ = {isa = PBXFileReference; fileEncoding = 4; lastKnownFileType = sourcecode.swift; path = MLContentView.swift; sourceTree = "<group>"; };
/* End PBXFileReference section */

/* Begin PBXFrameworksBuildPhase section */
		55CA7CBB283202C9008B5C2C /* Frameworks */ = {
			isa = PBXFrameworksBuildPhase;
			buildActionMask = 2147483647;
			files = (
				55036B192853F12B000DEBB9 /* OrderedCollections in Frameworks */,
			);
			runOnlyForDeploymentPostprocessing = 0;
		};
/* End PBXFrameworksBuildPhase section */

/* Begin PBXGroup section */
		555D3F2028D42CCF00983332 /* CoreData */ = {
			isa = PBXGroup;
			children = (
				555D3F2128D438A600983332 /* AppInterestContainer.xcdatamodeld */,
			);
			path = CoreData;
			sourceTree = "<group>";
		};
		556C6AA728AF1B6300AF1CCA /* Components */ = {
			isa = PBXGroup;
			children = (
				5587331A28F2345900F0D5C1 /* MoreInfoGroup */,
				551555C028B83DE6004F169F /* ButtonTurView.swift */,
				556C6AA528AF19E300AF1CCA /* SavedPhotoComp.swift */,
				55E10DCA28D61EAB009A0573 /* NewPhotoComp.swift */,
				55539DBE28D96F1E006F6490 /* LocationAndGlobeButtonComp.swift */,
				55539DC428DAA6AC006F6490 /* BubblesComp.swift */,
				55524F0B28DF6D66007DCE91 /* HomeHeaderComp.swift */,
				55524F0D28DFDE7E007DCE91 /* InterestListComp.swift */,
			);
			path = Components;
			sourceTree = "<group>";
		};
		5587331A28F2345900F0D5C1 /* MoreInfoGroup */ = {
			isa = PBXGroup;
			children = (
				55A7CA5F28E6BD1D00A50796 /* MoreInfoComp.swift */,
				5587331428F20E5900F0D5C1 /* InterestImagesView.swift */,
				5587331628F2102800F0D5C1 /* DownloadingImageView.swift */,
				5587331E28F2416900F0D5C1 /* NoInterstImageView.swift */,
			);
			path = MoreInfoGroup;
			sourceTree = "<group>";
		};
		5587331B28F2348100F0D5C1 /* YelpModelGroup */ = {
			isa = PBXGroup;
			children = (
				5537755F28EFCDCC00293CC3 /* YelpSearchDataModel.swift */,
				552E117828F076CA002DC58D /* YelpDetailedBusModel.swift */,
				552E117A28F0F1A7002DC58D /* YelpMatchBusModel.swift */,
			);
			path = YelpModelGroup;
			sourceTree = "<group>";
		};
		55CA7CB5283202C9008B5C2C = {
			isa = PBXGroup;
			children = (
				55E1F1CC28E1213B00506F94 /* Expose-Info.plist */,
				55CA7CC0283202C9008B5C2C /* Expose2.0 */,
				55CA7CBF283202C9008B5C2C /* Products */,
			);
			sourceTree = "<group>";
		};
		55CA7CBF283202C9008B5C2C /* Products */ = {
			isa = PBXGroup;
			children = (
				55CA7CBE283202C9008B5C2C /* Expose.app */,
			);
			name = Products;
			sourceTree = "<group>";
		};
		55CA7CC0283202C9008B5C2C /* Expose2.0 */ = {
			isa = PBXGroup;
			children = (
				555D3F2028D42CCF00983332 /* CoreData */,
				8A5C89DF283F15990036CBE8 /* CoreMLwithSwiftUI */,
				55F69B442893AC5D00A909B5 /* Utilities */,
				55CA7CD72832DF52008B5C2C /* Model */,
				55CA7CCF28320399008B5C2C /* View */,
				55CA7CD0283203A1008B5C2C /* ViewModel */,
				55CA7CC1283202C9008B5C2C /* Expose2App.swift */,
				55CA7CC5283202CD008B5C2C /* Assets.xcassets */,
				55CA7CC7283202CD008B5C2C /* Preview Content */,
			);
			path = Expose2.0;
			sourceTree = "<group>";
		};
		55CA7CC7283202CD008B5C2C /* Preview Content */ = {
			isa = PBXGroup;
			children = (
				55CA7CC8283202CD008B5C2C /* Preview Assets.xcassets */,
			);
			path = "Preview Content";
			sourceTree = "<group>";
		};
		55CA7CCF28320399008B5C2C /* View */ = {
			isa = PBXGroup;
			children = (
				55CA7CC3283202C9008B5C2C /* ContentView.swift */,
				55E1F1CA28E116C800506F94 /* SplashScreen.swift */,
				8A5C89E6283F15990036CBE8 /* MLContentView.swift */,
				555167ED2857BF47004E4D78 /* NewOnboardingScreen.swift */,
				55E10DCC28D62128009A0573 /* AddPhotoView.swift */,
				55DCFA2328D588BA001BC4CB /* ProtoPhotoSelectorView.swift */,
				555D3F2828D44A1100983332 /* ProtoResultView.swift */,
				55539DC628DAAA2B006F6490 /* BubbleResultView.swift */,
				55539DBC28D96CED006F6490 /* ProtoHomeView.swift */,
				5560C56E283FCD8F0045CA37 /* InterestListView.swift */,
				552F27E22834BC26001634D8 /* MapUIView.swift */,
				55E0EE7B28377D2B00CDB250 /* NewQuickFile.swift */,
				55AF2FA22835418F0040D030 /* LocationMapAnnotationView.swift */,
				55539DC028D970F5006F6490 /* ProtoMoreInfoView.swift */,
				55020540283606FA004A2A69 /* MoreInfoView.swift */,
				55CA7CD3283203F7008B5C2C /* MapView.swift */,
				552A558228468A150057E81F /* PhotoPickerUIKitView.swift */,
				556C6AA728AF1B6300AF1CCA /* Components */,
				5501F73A2A30DF010076197E /* MapUIKitView.swift */,
				5501F73C2A30E0580076197E /* MapViewUIKit.swift */,
				5501F73E2A30E1710076197E /* MapUiKitViewModel.swift */,
				5501F7402A30FB110076197E /* LocandGlobView.swift */,
			);
			path = View;
			sourceTree = "<group>";
		};
		55CA7CD0283203A1008B5C2C /* ViewModel */ = {
			isa = PBXGroup;
			children = (
				55CA7CD5283204AB008B5C2C /* MapViewModel.swift */,
				5540D927285BAC800072AEAF /* DataProvider.swift */,
				55F69B452893ADD200A909B5 /* PhotoPickerViewModel.swift */,
				5501135228A345560037591D /* OnBoardingScreenVeiwModel.swift */,
				555D3F2628D446A900983332 /* ResultPageViewModel.swift */,
				5587331828F2155F00F0D5C1 /* DowloadingImageViewModel.swift */,
				553BE4C12A3231F700E2981E /* ProtoHomeViewModel.swift */,
			);
			path = ViewModel;
			sourceTree = "<group>";
		};
		55CA7CD72832DF52008B5C2C /* Model */ = {
			isa = PBXGroup;
			children = (
				5587331B28F2348100F0D5C1 /* YelpModelGroup */,
				55CA7CD82832DFB0008B5C2C /* Place.swift */,
				555167EF2857D9F6004E4D78 /* OnBoardingStep.swift */,
				5540D925285BAACF0072AEAF /* FileManagerModel.swift */,
				55BC5B15286948D9000D0F28 /* Extensions.swift */,
				55377B1F28942EB800517FA6 /* AlertModel.swift */,
			);
			path = Model;
			sourceTree = "<group>";
		};
		55F69B442893AC5D00A909B5 /* Utilities */ = {
			isa = PBXGroup;
			children = (
				55F69B472893B68C00A909B5 /* ImageClassificationService.swift */,
				55377B1D28942E3700517FA6 /* LocationService.swift */,
				555D3F2428D4390F00983332 /* CoreDataService.swift */,
				5537756128EFCE1C00293CC3 /* YelpAPIService.swift */,
				5587331C28F238AE00F0D5C1 /* YelpPhotosCacheService.swift */,
			);
			path = Utilities;
			sourceTree = "<group>";
		};
		8A5C89DF283F15990036CBE8 /* CoreMLwithSwiftUI */ = {
			isa = PBXGroup;
			children = (
				8A5C89E0283F15990036CBE8 /* UIImage+Extension.swift */,
				8A5C89E4283F15990036CBE8 /* MobileNetV2.mlmodel */,
			);
			path = CoreMLwithSwiftUI;
			sourceTree = "<group>";
		};
/* End PBXGroup section */

/* Begin PBXNativeTarget section */
		55CA7CBD283202C9008B5C2C /* Expose */ = {
			isa = PBXNativeTarget;
			buildConfigurationList = 55CA7CCC283202CD008B5C2C /* Build configuration list for PBXNativeTarget "Expose" */;
			buildPhases = (
				55CA7CBA283202C9008B5C2C /* Sources */,
				55CA7CBB283202C9008B5C2C /* Frameworks */,
				55CA7CBC283202C9008B5C2C /* Resources */,
			);
			buildRules = (
			);
			dependencies = (
			);
			name = Expose;
			packageProductDependencies = (
				55036B182853F12B000DEBB9 /* OrderedCollections */,
			);
			productName = Expose2.0;
			productReference = 55CA7CBE283202C9008B5C2C /* Expose.app */;
			productType = "com.apple.product-type.application";
		};
/* End PBXNativeTarget section */

/* Begin PBXProject section */
		55CA7CB6283202C9008B5C2C /* Project object */ = {
			isa = PBXProject;
			attributes = {
				BuildIndependentTargetsInParallel = 1;
				LastSwiftUpdateCheck = 1330;
				LastUpgradeCheck = 1330;
				TargetAttributes = {
					55CA7CBD283202C9008B5C2C = {
						CreatedOnToolsVersion = 13.3;
					};
				};
			};
			buildConfigurationList = 55CA7CB9283202C9008B5C2C /* Build configuration list for PBXProject "Expose" */;
			compatibilityVersion = "Xcode 13.0";
			developmentRegion = en;
			hasScannedForEncodings = 0;
			knownRegions = (
				en,
				Base,
			);
			mainGroup = 55CA7CB5283202C9008B5C2C;
			packageReferences = (
				55036B172853F12B000DEBB9 /* XCRemoteSwiftPackageReference "swift-collections" */,
			);
			productRefGroup = 55CA7CBF283202C9008B5C2C /* Products */;
			projectDirPath = "";
			projectRoot = "";
			targets = (
				55CA7CBD283202C9008B5C2C /* Expose */,
			);
		};
/* End PBXProject section */

/* Begin PBXResourcesBuildPhase section */
		55CA7CBC283202C9008B5C2C /* Resources */ = {
			isa = PBXResourcesBuildPhase;
			buildActionMask = 2147483647;
			files = (
				55CA7CC9283202CD008B5C2C /* Preview Assets.xcassets in Resources */,
				55CA7CC6283202CD008B5C2C /* Assets.xcassets in Resources */,
			);
			runOnlyForDeploymentPostprocessing = 0;
		};
/* End PBXResourcesBuildPhase section */

/* Begin PBXSourcesBuildPhase section */
		55CA7CBA283202C9008B5C2C /* Sources */ = {
			isa = PBXSourcesBuildPhase;
			buildActionMask = 2147483647;
			files = (
				55BC5B16286948D9000D0F28 /* Extensions.swift in Sources */,
				5587331528F20E5900F0D5C1 /* InterestImagesView.swift in Sources */,
				55E0EE7C28377D2B00CDB250 /* NewQuickFile.swift in Sources */,
				55524F0E28DFDE7E007DCE91 /* InterestListComp.swift in Sources */,
				55524F0C28DF6D66007DCE91 /* HomeHeaderComp.swift in Sources */,
				552E117928F076CA002DC58D /* YelpDetailedBusModel.swift in Sources */,
				55539DC528DAA6AC006F6490 /* BubblesComp.swift in Sources */,
				5587331F28F2416900F0D5C1 /* NoInterstImageView.swift in Sources */,
				555167F02857D9F6004E4D78 /* OnBoardingStep.swift in Sources */,
				5587331928F2155F00F0D5C1 /* DowloadingImageViewModel.swift in Sources */,
				55539DC728DAAA2B006F6490 /* BubbleResultView.swift in Sources */,
				5587331728F2102800F0D5C1 /* DownloadingImageView.swift in Sources */,
				5537756028EFCDCC00293CC3 /* YelpSearchDataModel.swift in Sources */,
				555D3F2528D4390F00983332 /* CoreDataService.swift in Sources */,
				5501F73B2A30DF010076197E /* MapUIKitView.swift in Sources */,
				552E117B28F0F1A7002DC58D /* YelpMatchBusModel.swift in Sources */,
				55CA7CD6283204AB008B5C2C /* MapViewModel.swift in Sources */,
				55539DBD28D96CED006F6490 /* ProtoHomeView.swift in Sources */,
				5501135328A345560037591D /* OnBoardingScreenVeiwModel.swift in Sources */,
				55539DC128D970F5006F6490 /* ProtoMoreInfoView.swift in Sources */,
				55DCFA2428D588BA001BC4CB /* ProtoPhotoSelectorView.swift in Sources */,
				8A5C89E8283F15990036CBE8 /* UIImage+Extension.swift in Sources */,
				552F27E32834BC27001634D8 /* MapUIView.swift in Sources */,
				55A7CA6028E6BD1D00A50796 /* MoreInfoComp.swift in Sources */,
				5501F7412A30FB110076197E /* LocandGlobView.swift in Sources */,
				555167EE2857BF47004E4D78 /* NewOnboardingScreen.swift in Sources */,
				555D3F2328D438A600983332 /* AppInterestContainer.xcdatamodeld in Sources */,
				55E10DCB28D61EAB009A0573 /* NewPhotoComp.swift in Sources */,
				553BE4C22A3231F700E2981E /* ProtoHomeViewModel.swift in Sources */,
				5587331D28F238AE00F0D5C1 /* YelpPhotosCacheService.swift in Sources */,
				556C6AA628AF19E300AF1CCA /* SavedPhotoComp.swift in Sources */,
				5540D928285BAC800072AEAF /* DataProvider.swift in Sources */,
				5540D926285BAACF0072AEAF /* FileManagerModel.swift in Sources */,
				5560C56F283FCD8F0045CA37 /* InterestListView.swift in Sources */,
				55CA7CD4283203F7008B5C2C /* MapView.swift in Sources */,
				55020541283606FA004A2A69 /* MoreInfoView.swift in Sources */,
				55539DBF28D96F1E006F6490 /* LocationAndGlobeButtonComp.swift in Sources */,
				555D3F2928D44A1100983332 /* ProtoResultView.swift in Sources */,
				55CA7CD92832DFB0008B5C2C /* Place.swift in Sources */,
				551555C128B83DE6004F169F /* ButtonTurView.swift in Sources */,
				55377B2028942EB800517FA6 /* AlertModel.swift in Sources */,
				55CA7CC4283202C9008B5C2C /* ContentView.swift in Sources */,
				5537756228EFCE1C00293CC3 /* YelpAPIService.swift in Sources */,
				55F69B462893ADD200A909B5 /* PhotoPickerViewModel.swift in Sources */,
				55E10DCD28D62128009A0573 /* AddPhotoView.swift in Sources */,
				555D3F2728D446A900983332 /* ResultPageViewModel.swift in Sources */,
				8A5C89ED283F15990036CBE8 /* MLContentView.swift in Sources */,
				55CA7CC2283202C9008B5C2C /* Expose2App.swift in Sources */,
				5501F73D2A30E0580076197E /* MapViewUIKit.swift in Sources */,
				552A558328468A150057E81F /* PhotoPickerUIKitView.swift in Sources */,
				55F69B482893B68C00A909B5 /* ImageClassificationService.swift in Sources */,
				55377B1E28942E3700517FA6 /* LocationService.swift in Sources */,
				55E1F1CB28E116C800506F94 /* SplashScreen.swift in Sources */,
				8A5C89EB283F15990036CBE8 /* MobileNetV2.mlmodel in Sources */,
				5501F73F2A30E1710076197E /* MapUiKitViewModel.swift in Sources */,
				55AF2FA32835418F0040D030 /* LocationMapAnnotationView.swift in Sources */,
			);
			runOnlyForDeploymentPostprocessing = 0;
		};
/* End PBXSourcesBuildPhase section */

/* Begin XCBuildConfiguration section */
		55CA7CCA283202CD008B5C2C /* Debug */ = {
			isa = XCBuildConfiguration;
			buildSettings = {
				ALWAYS_SEARCH_USER_PATHS = NO;
				CLANG_ANALYZER_NONNULL = YES;
				CLANG_ANALYZER_NUMBER_OBJECT_CONVERSION = YES_AGGRESSIVE;
				CLANG_CXX_LANGUAGE_STANDARD = "gnu++17";
				CLANG_ENABLE_MODULES = YES;
				CLANG_ENABLE_OBJC_ARC = YES;
				CLANG_ENABLE_OBJC_WEAK = YES;
				CLANG_WARN_BLOCK_CAPTURE_AUTORELEASING = YES;
				CLANG_WARN_BOOL_CONVERSION = YES;
				CLANG_WARN_COMMA = YES;
				CLANG_WARN_CONSTANT_CONVERSION = YES;
				CLANG_WARN_DEPRECATED_OBJC_IMPLEMENTATIONS = YES;
				CLANG_WARN_DIRECT_OBJC_ISA_USAGE = YES_ERROR;
				CLANG_WARN_DOCUMENTATION_COMMENTS = YES;
				CLANG_WARN_EMPTY_BODY = YES;
				CLANG_WARN_ENUM_CONVERSION = YES;
				CLANG_WARN_INFINITE_RECURSION = YES;
				CLANG_WARN_INT_CONVERSION = YES;
				CLANG_WARN_NON_LITERAL_NULL_CONVERSION = YES;
				CLANG_WARN_OBJC_IMPLICIT_RETAIN_SELF = YES;
				CLANG_WARN_OBJC_LITERAL_CONVERSION = YES;
				CLANG_WARN_OBJC_ROOT_CLASS = YES_ERROR;
				CLANG_WARN_QUOTED_INCLUDE_IN_FRAMEWORK_HEADER = YES;
				CLANG_WARN_RANGE_LOOP_ANALYSIS = YES;
				CLANG_WARN_STRICT_PROTOTYPES = YES;
				CLANG_WARN_SUSPICIOUS_MOVE = YES;
				CLANG_WARN_UNGUARDED_AVAILABILITY = YES_AGGRESSIVE;
				CLANG_WARN_UNREACHABLE_CODE = YES;
				CLANG_WARN__DUPLICATE_METHOD_MATCH = YES;
				COPY_PHASE_STRIP = NO;
				DEBUG_INFORMATION_FORMAT = dwarf;
				ENABLE_STRICT_OBJC_MSGSEND = YES;
				ENABLE_TESTABILITY = YES;
				GCC_C_LANGUAGE_STANDARD = gnu11;
				GCC_DYNAMIC_NO_PIC = NO;
				GCC_NO_COMMON_BLOCKS = YES;
				GCC_OPTIMIZATION_LEVEL = 0;
				GCC_PREPROCESSOR_DEFINITIONS = (
					"DEBUG=1",
					"$(inherited)",
				);
				GCC_WARN_64_TO_32_BIT_CONVERSION = YES;
				GCC_WARN_ABOUT_RETURN_TYPE = YES_ERROR;
				GCC_WARN_UNDECLARED_SELECTOR = YES;
				GCC_WARN_UNINITIALIZED_AUTOS = YES_AGGRESSIVE;
				GCC_WARN_UNUSED_FUNCTION = YES;
				GCC_WARN_UNUSED_VARIABLE = YES;
				IPHONEOS_DEPLOYMENT_TARGET = 15.4;
				MTL_ENABLE_DEBUG_INFO = INCLUDE_SOURCE;
				MTL_FAST_MATH = YES;
				ONLY_ACTIVE_ARCH = YES;
				SDKROOT = iphoneos;
				SWIFT_ACTIVE_COMPILATION_CONDITIONS = DEBUG;
				SWIFT_OPTIMIZATION_LEVEL = "-Onone";
			};
			name = Debug;
		};
		55CA7CCB283202CD008B5C2C /* Release */ = {
			isa = XCBuildConfiguration;
			buildSettings = {
				ALWAYS_SEARCH_USER_PATHS = NO;
				CLANG_ANALYZER_NONNULL = YES;
				CLANG_ANALYZER_NUMBER_OBJECT_CONVERSION = YES_AGGRESSIVE;
				CLANG_CXX_LANGUAGE_STANDARD = "gnu++17";
				CLANG_ENABLE_MODULES = YES;
				CLANG_ENABLE_OBJC_ARC = YES;
				CLANG_ENABLE_OBJC_WEAK = YES;
				CLANG_WARN_BLOCK_CAPTURE_AUTORELEASING = YES;
				CLANG_WARN_BOOL_CONVERSION = YES;
				CLANG_WARN_COMMA = YES;
				CLANG_WARN_CONSTANT_CONVERSION = YES;
				CLANG_WARN_DEPRECATED_OBJC_IMPLEMENTATIONS = YES;
				CLANG_WARN_DIRECT_OBJC_ISA_USAGE = YES_ERROR;
				CLANG_WARN_DOCUMENTATION_COMMENTS = YES;
				CLANG_WARN_EMPTY_BODY = YES;
				CLANG_WARN_ENUM_CONVERSION = YES;
				CLANG_WARN_INFINITE_RECURSION = YES;
				CLANG_WARN_INT_CONVERSION = YES;
				CLANG_WARN_NON_LITERAL_NULL_CONVERSION = YES;
				CLANG_WARN_OBJC_IMPLICIT_RETAIN_SELF = YES;
				CLANG_WARN_OBJC_LITERAL_CONVERSION = YES;
				CLANG_WARN_OBJC_ROOT_CLASS = YES_ERROR;
				CLANG_WARN_QUOTED_INCLUDE_IN_FRAMEWORK_HEADER = YES;
				CLANG_WARN_RANGE_LOOP_ANALYSIS = YES;
				CLANG_WARN_STRICT_PROTOTYPES = YES;
				CLANG_WARN_SUSPICIOUS_MOVE = YES;
				CLANG_WARN_UNGUARDED_AVAILABILITY = YES_AGGRESSIVE;
				CLANG_WARN_UNREACHABLE_CODE = YES;
				CLANG_WARN__DUPLICATE_METHOD_MATCH = YES;
				COPY_PHASE_STRIP = NO;
				DEBUG_INFORMATION_FORMAT = "dwarf-with-dsym";
				ENABLE_NS_ASSERTIONS = NO;
				ENABLE_STRICT_OBJC_MSGSEND = YES;
				GCC_C_LANGUAGE_STANDARD = gnu11;
				GCC_NO_COMMON_BLOCKS = YES;
				GCC_WARN_64_TO_32_BIT_CONVERSION = YES;
				GCC_WARN_ABOUT_RETURN_TYPE = YES_ERROR;
				GCC_WARN_UNDECLARED_SELECTOR = YES;
				GCC_WARN_UNINITIALIZED_AUTOS = YES_AGGRESSIVE;
				GCC_WARN_UNUSED_FUNCTION = YES;
				GCC_WARN_UNUSED_VARIABLE = YES;
				IPHONEOS_DEPLOYMENT_TARGET = 15.4;
				MTL_ENABLE_DEBUG_INFO = NO;
				MTL_FAST_MATH = YES;
				SDKROOT = iphoneos;
				SWIFT_COMPILATION_MODE = wholemodule;
				SWIFT_OPTIMIZATION_LEVEL = "-O";
				VALIDATE_PRODUCT = YES;
			};
			name = Release;
		};
		55CA7CCD283202CD008B5C2C /* Debug */ = {
			isa = XCBuildConfiguration;
			buildSettings = {
				ASSETCATALOG_COMPILER_APPICON_NAME = AppIcon;
				ASSETCATALOG_COMPILER_GLOBAL_ACCENT_COLOR_NAME = AccentColor;
				CODE_SIGN_STYLE = Automatic;
				CURRENT_PROJECT_VERSION = 9;
				DEVELOPMENT_ASSET_PATHS = "\"Expose2.0/Preview Content\"";
				DEVELOPMENT_TEAM = 8KG8PL9HFA;
				ENABLE_PREVIEWS = YES;
				GENERATE_INFOPLIST_FILE = YES;
				INFOPLIST_FILE = "Expose-Info.plist";
				INFOPLIST_KEY_NSLocationWhenInUseUsageDescription = "Exposé uses your location to show places of interest around you.";
				INFOPLIST_KEY_UIApplicationSceneManifest_Generation = YES;
				INFOPLIST_KEY_UIApplicationSupportsIndirectInputEvents = YES;
				INFOPLIST_KEY_UILaunchStoryboardName = LaunchScreen;
				INFOPLIST_KEY_UISupportedInterfaceOrientations = UIInterfaceOrientationPortrait;
				INFOPLIST_KEY_UISupportedInterfaceOrientations_iPad = "UIInterfaceOrientationLandscapeLeft UIInterfaceOrientationLandscapeRight UIInterfaceOrientationPortrait UIInterfaceOrientationPortraitUpsideDown";
				LD_RUNPATH_SEARCH_PATHS = (
					"$(inherited)",
					"@executable_path/Frameworks",
				);
				MARKETING_VERSION = 0.2.1;
				PRODUCT_BUNDLE_IDENTIFIER = "com.academy.Expose2-0";
				PRODUCT_NAME = Expose;
				SWIFT_EMIT_LOC_STRINGS = YES;
				SWIFT_VERSION = 5.0;
				TARGETED_DEVICE_FAMILY = 1;
			};
			name = Debug;
		};
		55CA7CCE283202CD008B5C2C /* Release */ = {
			isa = XCBuildConfiguration;
			buildSettings = {
				ASSETCATALOG_COMPILER_APPICON_NAME = AppIcon;
				ASSETCATALOG_COMPILER_GLOBAL_ACCENT_COLOR_NAME = AccentColor;
				CODE_SIGN_STYLE = Automatic;
				CURRENT_PROJECT_VERSION = 9;
				DEVELOPMENT_ASSET_PATHS = "\"Expose2.0/Preview Content\"";
				DEVELOPMENT_TEAM = 8KG8PL9HFA;
				ENABLE_PREVIEWS = YES;
				GENERATE_INFOPLIST_FILE = YES;
				INFOPLIST_FILE = "Expose-Info.plist";
				INFOPLIST_KEY_NSLocationWhenInUseUsageDescription = "Exposé uses your location to show places of interest around you.";
				INFOPLIST_KEY_UIApplicationSceneManifest_Generation = YES;
				INFOPLIST_KEY_UIApplicationSupportsIndirectInputEvents = YES;
				INFOPLIST_KEY_UILaunchStoryboardName = LaunchScreen;
				INFOPLIST_KEY_UISupportedInterfaceOrientations = UIInterfaceOrientationPortrait;
				INFOPLIST_KEY_UISupportedInterfaceOrientations_iPad = "UIInterfaceOrientationLandscapeLeft UIInterfaceOrientationLandscapeRight UIInterfaceOrientationPortrait UIInterfaceOrientationPortraitUpsideDown";
				LD_RUNPATH_SEARCH_PATHS = (
					"$(inherited)",
					"@executable_path/Frameworks",
				);
				MARKETING_VERSION = 0.2.1;
				PRODUCT_BUNDLE_IDENTIFIER = "com.academy.Expose2-0";
				PRODUCT_NAME = Expose;
				SWIFT_EMIT_LOC_STRINGS = YES;
				SWIFT_VERSION = 5.0;
				TARGETED_DEVICE_FAMILY = 1;
			};
			name = Release;
		};
/* End XCBuildConfiguration section */

/* Begin XCConfigurationList section */
		55CA7CB9283202C9008B5C2C /* Build configuration list for PBXProject "Expose" */ = {
			isa = XCConfigurationList;
			buildConfigurations = (
				55CA7CCA283202CD008B5C2C /* Debug */,
				55CA7CCB283202CD008B5C2C /* Release */,
			);
			defaultConfigurationIsVisible = 0;
			defaultConfigurationName = Release;
		};
		55CA7CCC283202CD008B5C2C /* Build configuration list for PBXNativeTarget "Expose" */ = {
			isa = XCConfigurationList;
			buildConfigurations = (
				55CA7CCD283202CD008B5C2C /* Debug */,
				55CA7CCE283202CD008B5C2C /* Release */,
			);
			defaultConfigurationIsVisible = 0;
			defaultConfigurationName = Release;
		};
/* End XCConfigurationList section */

/* Begin XCRemoteSwiftPackageReference section */
		55036B172853F12B000DEBB9 /* XCRemoteSwiftPackageReference "swift-collections" */ = {
			isa = XCRemoteSwiftPackageReference;
			repositoryURL = "https://github.com/apple/swift-collections.git";
			requirement = {
				kind = upToNextMajorVersion;
				minimumVersion = 1.0.0;
			};
		};
/* End XCRemoteSwiftPackageReference section */

/* Begin XCSwiftPackageProductDependency section */
		55036B182853F12B000DEBB9 /* OrderedCollections */ = {
			isa = XCSwiftPackageProductDependency;
			package = 55036B172853F12B000DEBB9 /* XCRemoteSwiftPackageReference "swift-collections" */;
			productName = OrderedCollections;
		};
/* End XCSwiftPackageProductDependency section */

/* Begin XCVersionGroup section */
		555D3F2128D438A600983332 /* AppInterestContainer.xcdatamodeld */ = {
			isa = XCVersionGroup;
			children = (
				555D3F2228D438A600983332 /* AppInterest.xcdatamodel */,
			);
			currentVersion = 555D3F2228D438A600983332 /* AppInterest.xcdatamodel */;
			path = AppInterestContainer.xcdatamodeld;
			sourceTree = "<group>";
			versionGroupType = wrapper.xcdatamodel;
		};
/* End XCVersionGroup section */
	};
	rootObject = 55CA7CB6283202C9008B5C2C /* Project object */;
}
